
Microsoft Visual Studio Solution File, Format Version 12.00
# Visual Studio Version 17
VisualStudioVersion = 17.14.36705.20 d17.14
MinimumVisualStudioVersion = 10.0.40219.1
Project("{FAE04EC0-301F-11D3-BF4B-00C04F79EFBC}") = "block-racing-common", "block-racing-common.csproj", "{AB8FD04A-264D-91B6-8594-695E21CCE44D}"
EndProject
Global
	GlobalSection(SolutionConfigurationPlatforms) = preSolution
		Debug|Any CPU = Debug|Any CPU
		Release|Any CPU = Release|Any CPU
	EndGlobalSection
	GlobalSection(ProjectConfigurationPlatforms) = postSolution
		{AB8FD04A-264D-91B6-8594-695E21CCE44D}.Debug|Any CPU.ActiveCfg = Debug|Any CPU
		{AB8FD04A-264D-91B6-8594-695E21CCE44D}.Debug|Any CPU.Build.0 = Debug|Any CPU
		{AB8FD04A-264D-91B6-8594-695E21CCE44D}.Release|Any CPU.ActiveCfg = Release|Any CPU
		{AB8FD04A-264D-91B6-8594-695E21CCE44D}.Release|Any CPU.Build.0 = Release|Any CPU
	EndGlobalSection
	GlobalSection(SolutionProperties) = preSolution
		HideSolutionNode = FALSE
	EndGlobalSection
	GlobalSection(ExtensibilityGlobals) = postSolution
		SolutionGuid = {0FF66882-4234-47FF-9B60-C8B3969789F3}
	EndGlobalSection
EndGlobal
